
Microsoft Visual Studio Solution File, Format Version 12.00
# Visual Studio Version 16
VisualStudioVersion = 16.0.29519.181
MinimumVisualStudioVersion = 10.0.40219.1
Project("{FAE04EC0-301F-11D3-BF4B-00C04F79EFBC}") = "Test_InterpageCommuncation", "Test_InterpageCommuncation\Test_InterpageCommuncation.csproj", "{767BD2EF-9944-447B-BDC4-FAB0EA8996EB}"
EndProject
Global
	GlobalSection(SolutionConfigurationPlatforms) = preSolution
		Debug|Any CPU = Debug|Any CPU
		Release|Any CPU = Release|Any CPU
	EndGlobalSection
	GlobalSection(ProjectConfigurationPlatforms) = postSolution
		{767BD2EF-9944-447B-BDC4-FAB0EA8996EB}.Debug|Any CPU.ActiveCfg = Debug|Any CPU
		{767BD2EF-9944-447B-BDC4-FAB0EA8996EB}.Debug|Any CPU.Build.0 = Debug|Any CPU
		{767BD2EF-9944-447B-BDC4-FAB0EA8996EB}.Release|Any CPU.ActiveCfg = Release|Any CPU
		{767BD2EF-9944-447B-BDC4-FAB0EA8996EB}.Release|Any CPU.Build.0 = Release|Any CPU
	EndGlobalSection
	GlobalSection(SolutionProperties) = preSolution
		HideSolutionNode = FALSE
	EndGlobalSection
	GlobalSection(ExtensibilityGlobals) = postSolution
		SolutionGuid = {B15BB6BD-CB6A-4870-95AD-56B4FE239158}
	EndGlobalSection
EndGlobal
